// !$*UTF8*$!
{
	archiveVersion = 1;
	classes = {
	};
	objectVersion = 50;
	objects = {

/* Begin PBXBuildFile section */
		10B4106F1AE303FB97819247 /* Pods_FlixUITests.framework in Frameworks */ = {isa = PBXBuildFile; fileRef = 3B6F6FBB334AE99A49C4EF32 /* Pods_FlixUITests.framework */; };
		4040BC4622239DB500BD26B3 /* MovieGridViewController.swift in Sources */ = {isa = PBXBuildFile; fileRef = 4040BC4522239DB500BD26B3 /* MovieGridViewController.swift */; };
		4040BC482223A45700BD26B3 /* MovieGridCell.swift in Sources */ = {isa = PBXBuildFile; fileRef = 4040BC472223A45700BD26B3 /* MovieGridCell.swift */; };
		4054F95E221CF88A003254BC /* MovieDetailsViewController.swift in Sources */ = {isa = PBXBuildFile; fileRef = 4054F95D221CF88A003254BC /* MovieDetailsViewController.swift */; };
		40AAB4612217ADA600C6E9EE /* AppDelegate.swift in Sources */ = {isa = PBXBuildFile; fileRef = 40AAB4602217ADA600C6E9EE /* AppDelegate.swift */; };
		40AAB4632217ADA600C6E9EE /* ViewController.swift in Sources */ = {isa = PBXBuildFile; fileRef = 40AAB4622217ADA600C6E9EE /* ViewController.swift */; };
		40AAB4662217ADA600C6E9EE /* Main.storyboard in Resources */ = {isa = PBXBuildFile; fileRef = 40AAB4642217ADA600C6E9EE /* Main.storyboard */; };
		40AAB4682217ADA900C6E9EE /* Assets.xcassets in Resources */ = {isa = PBXBuildFile; fileRef = 40AAB4672217ADA900C6E9EE /* Assets.xcassets */; };
		40AAB46B2217ADA900C6E9EE /* LaunchScreen.storyboard in Resources */ = {isa = PBXBuildFile; fileRef = 40AAB4692217ADA900C6E9EE /* LaunchScreen.storyboard */; };
		40AAB4762217ADA900C6E9EE /* FlixTests.swift in Sources */ = {isa = PBXBuildFile; fileRef = 40AAB4752217ADA900C6E9EE /* FlixTests.swift */; };
		40AAB4812217ADA900C6E9EE /* FlixUITests.swift in Sources */ = {isa = PBXBuildFile; fileRef = 40AAB4802217ADA900C6E9EE /* FlixUITests.swift */; };
		40AAB48F2217B39500C6E9EE /* MoviesViewController.swift in Sources */ = {isa = PBXBuildFile; fileRef = 40AAB48E2217B39500C6E9EE /* MoviesViewController.swift */; };
		40AAB4912217C30C00C6E9EE /* MovieCell.swift in Sources */ = {isa = PBXBuildFile; fileRef = 40AAB4902217C30C00C6E9EE /* MovieCell.swift */; };
		766BCF738CCB2ACC453F0946 /* Pods_Flix.framework in Frameworks */ = {isa = PBXBuildFile; fileRef = F8FF9C049CB956A0C8ACC417 /* Pods_Flix.framework */; };
		E919566CE47763195543EB8C /* Pods_FlixTests.framework in Frameworks */ = {isa = PBXBuildFile; fileRef = 7B8DDA7EDD87F4BF276DEFC6 /* Pods_FlixTests.framework */; };
/* End PBXBuildFile section */

/* Begin PBXContainerItemProxy section */
		40AAB4722217ADA900C6E9EE /* PBXContainerItemProxy */ = {
			isa = PBXContainerItemProxy;
			containerPortal = 40AAB4552217ADA600C6E9EE /* Project object */;
			proxyType = 1;
			remoteGlobalIDString = 40AAB45C2217ADA600C6E9EE;
			remoteInfo = Flix;
		};
		40AAB47D2217ADA900C6E9EE /* PBXContainerItemProxy */ = {
			isa = PBXContainerItemProxy;
			containerPortal = 40AAB4552217ADA600C6E9EE /* Project object */;
			proxyType = 1;
			remoteGlobalIDString = 40AAB45C2217ADA600C6E9EE;
			remoteInfo = Flix;
		};
/* End PBXContainerItemProxy section */

/* Begin PBXFileReference section */
		2BCF314943E5EF5510188238 /* Pods-FlixUITests.debug.xcconfig */ = {isa = PBXFileReference; includeInIndex = 1; lastKnownFileType = text.xcconfig; name = "Pods-FlixUITests.debug.xcconfig"; path = "Target Support Files/Pods-FlixUITests/Pods-FlixUITests.debug.xcconfig"; sourceTree = "<group>"; };
		2D10879FA8738AAE9434719B /* Pods-Flix.debug.xcconfig */ = {isa = PBXFileReference; includeInIndex = 1; lastKnownFileType = text.xcconfig; name = "Pods-Flix.debug.xcconfig"; path = "Target Support Files/Pods-Flix/Pods-Flix.debug.xcconfig"; sourceTree = "<group>"; };
		3B6F6FBB334AE99A49C4EF32 /* Pods_FlixUITests.framework */ = {isa = PBXFileReference; explicitFileType = wrapper.framework; includeInIndex = 0; path = Pods_FlixUITests.framework; sourceTree = BUILT_PRODUCTS_DIR; };
		4040BC4522239DB500BD26B3 /* MovieGridViewController.swift */ = {isa = PBXFileReference; lastKnownFileType = sourcecode.swift; path = MovieGridViewController.swift; sourceTree = "<group>"; };
		4040BC472223A45700BD26B3 /* MovieGridCell.swift */ = {isa = PBXFileReference; lastKnownFileType = sourcecode.swift; path = MovieGridCell.swift; sourceTree = "<group>"; };
		4054F95D221CF88A003254BC /* MovieDetailsViewController.swift */ = {isa = PBXFileReference; lastKnownFileType = sourcecode.swift; path = MovieDetailsViewController.swift; sourceTree = "<group>"; };
		40AAB45D2217ADA600C6E9EE /* Flix.app */ = {isa = PBXFileReference; explicitFileType = wrapper.application; includeInIndex = 0; path = Flix.app; sourceTree = BUILT_PRODUCTS_DIR; };
		40AAB4602217ADA600C6E9EE /* AppDelegate.swift */ = {isa = PBXFileReference; lastKnownFileType = sourcecode.swift; path = AppDelegate.swift; sourceTree = "<group>"; };
		40AAB4622217ADA600C6E9EE /* ViewController.swift */ = {isa = PBXFileReference; lastKnownFileType = sourcecode.swift; path = ViewController.swift; sourceTree = "<group>"; };
		40AAB4652217ADA600C6E9EE /* Base */ = {isa = PBXFileReference; lastKnownFileType = file.storyboard; name = Base; path = Base.lproj/Main.storyboard; sourceTree = "<group>"; };
		40AAB4672217ADA900C6E9EE /* Assets.xcassets */ = {isa = PBXFileReference; lastKnownFileType = folder.assetcatalog; path = Assets.xcassets; sourceTree = "<group>"; };
		40AAB46A2217ADA900C6E9EE /* Base */ = {isa = PBXFileReference; lastKnownFileType = file.storyboard; name = Base; path = Base.lproj/LaunchScreen.storyboard; sourceTree = "<group>"; };
		40AAB46C2217ADA900C6E9EE /* Info.plist */ = {isa = PBXFileReference; lastKnownFileType = text.plist.xml; path = Info.plist; sourceTree = "<group>"; };
		40AAB4712217ADA900C6E9EE /* FlixTests.xctest */ = {isa = PBXFileReference; explicitFileType = wrapper.cfbundle; includeInIndex = 0; path = FlixTests.xctest; sourceTree = BUILT_PRODUCTS_DIR; };
		40AAB4752217ADA900C6E9EE /* FlixTests.swift */ = {isa = PBXFileReference; lastKnownFileType = sourcecode.swift; path = FlixTests.swift; sourceTree = "<group>"; };
		40AAB4772217ADA900C6E9EE /* Info.plist */ = {isa = PBXFileReference; lastKnownFileType = text.plist.xml; path = Info.plist; sourceTree = "<group>"; };
		40AAB47C2217ADA900C6E9EE /* FlixUITests.xctest */ = {isa = PBXFileReference; explicitFileType = wrapper.cfbundle; includeInIndex = 0; path = FlixUITests.xctest; sourceTree = BUILT_PRODUCTS_DIR; };
		40AAB4802217ADA900C6E9EE /* FlixUITests.swift */ = {isa = PBXFileReference; lastKnownFileType = sourcecode.swift; path = FlixUITests.swift; sourceTree = "<group>"; };
		40AAB4822217ADA900C6E9EE /* Info.plist */ = {isa = PBXFileReference; lastKnownFileType = text.plist.xml; path = Info.plist; sourceTree = "<group>"; };
		40AAB48E2217B39500C6E9EE /* MoviesViewController.swift */ = {isa = PBXFileReference; lastKnownFileType = sourcecode.swift; path = MoviesViewController.swift; sourceTree = "<group>"; };
		40AAB4902217C30C00C6E9EE /* MovieCell.swift */ = {isa = PBXFileReference; lastKnownFileType = sourcecode.swift; path = MovieCell.swift; sourceTree = "<group>"; };
		72A29F7250B1F6D4D0EB75F2 /* Pods-FlixTests.debug.xcconfig */ = {isa = PBXFileReference; includeInIndex = 1; lastKnownFileType = text.xcconfig; name = "Pods-FlixTests.debug.xcconfig"; path = "Target Support Files/Pods-FlixTests/Pods-FlixTests.debug.xcconfig"; sourceTree = "<group>"; };
		7B8DDA7EDD87F4BF276DEFC6 /* Pods_FlixTests.framework */ = {isa = PBXFileReference; explicitFileType = wrapper.framework; includeInIndex = 0; path = Pods_FlixTests.framework; sourceTree = BUILT_PRODUCTS_DIR; };
		817B9D032F54194EF24EA568 /* Pods-FlixTests.release.xcconfig */ = {isa = PBXFileReference; includeInIndex = 1; lastKnownFileType = text.xcconfig; name = "Pods-FlixTests.release.xcconfig"; path = "Target Support Files/Pods-FlixTests/Pods-FlixTests.release.xcconfig"; sourceTree = "<group>"; };
		84618AB9E08BF7D9379CB88B /* Pods-Flix.release.xcconfig */ = {isa = PBXFileReference; includeInIndex = 1; lastKnownFileType = text.xcconfig; name = "Pods-Flix.release.xcconfig"; path = "Target Support Files/Pods-Flix/Pods-Flix.release.xcconfig"; sourceTree = "<group>"; };
		D9198C93CFB27245E55D95EF /* Pods-FlixUITests.release.xcconfig */ = {isa = PBXFileReference; includeInIndex = 1; lastKnownFileType = text.xcconfig; name = "Pods-FlixUITests.release.xcconfig"; path = "Target Support Files/Pods-FlixUITests/Pods-FlixUITests.release.xcconfig"; sourceTree = "<group>"; };
		F8FF9C049CB956A0C8ACC417 /* Pods_Flix.framework */ = {isa = PBXFileReference; explicitFileType = wrapper.framework; includeInIndex = 0; path = Pods_Flix.framework; sourceTree = BUILT_PRODUCTS_DIR; };
/* End PBXFileReference section */

/* Begin PBXFrameworksBuildPhase section */
		40AAB45A2217ADA600C6E9EE /* Frameworks */ = {
			isa = PBXFrameworksBuildPhase;
			buildActionMask = 2147483647;
			files = (
				766BCF738CCB2ACC453F0946 /* Pods_Flix.framework in Frameworks */,
			);
			runOnlyForDeploymentPostprocessing = 0;
		};
		40AAB46E2217ADA900C6E9EE /* Frameworks */ = {
			isa = PBXFrameworksBuildPhase;
			buildActionMask = 2147483647;
			files = (
				E919566CE47763195543EB8C /* Pods_FlixTests.framework in Frameworks */,
			);
			runOnlyForDeploymentPostprocessing = 0;
		};
		40AAB4792217ADA900C6E9EE /* Frameworks */ = {
			isa = PBXFrameworksBuildPhase;
			buildActionMask = 2147483647;
			files = (
				10B4106F1AE303FB97819247 /* Pods_FlixUITests.framework in Frameworks */,
			);
			runOnlyForDeploymentPostprocessing = 0;
		};
/* End PBXFrameworksBuildPhase section */

/* Begin PBXGroup section */
		40AAB4542217ADA600C6E9EE = {
			isa = PBXGroup;
			children = (
				40AAB45F2217ADA600C6E9EE /* Flix */,
				40AAB4742217ADA900C6E9EE /* FlixTests */,
				40AAB47F2217ADA900C6E9EE /* FlixUITests */,
				40AAB45E2217ADA600C6E9EE /* Products */,
				7CE76D26EE4D16E87A98AFA8 /* Pods */,
				56FC0C6553D6E6A71CC7EF48 /* Frameworks */,
			);
			sourceTree = "<group>";
		};
		40AAB45E2217ADA600C6E9EE /* Products */ = {
			isa = PBXGroup;
			children = (
				40AAB45D2217ADA600C6E9EE /* Flix.app */,
				40AAB4712217ADA900C6E9EE /* FlixTests.xctest */,
				40AAB47C2217ADA900C6E9EE /* FlixUITests.xctest */,
			);
			name = Products;
			sourceTree = "<group>";
		};
		40AAB45F2217ADA600C6E9EE /* Flix */ = {
			isa = PBXGroup;
			children = (
				40AAB4602217ADA600C6E9EE /* AppDelegate.swift */,
				40AAB4622217ADA600C6E9EE /* ViewController.swift */,
				40AAB4642217ADA600C6E9EE /* Main.storyboard */,
				40AAB4672217ADA900C6E9EE /* Assets.xcassets */,
				40AAB4692217ADA900C6E9EE /* LaunchScreen.storyboard */,
				40AAB46C2217ADA900C6E9EE /* Info.plist */,
				40AAB48E2217B39500C6E9EE /* MoviesViewController.swift */,
				40AAB4902217C30C00C6E9EE /* MovieCell.swift */,
				4054F95D221CF88A003254BC /* MovieDetailsViewController.swift */,
				4040BC4522239DB500BD26B3 /* MovieGridViewController.swift */,
				4040BC472223A45700BD26B3 /* MovieGridCell.swift */,
			);
			path = Flix;
			sourceTree = "<group>";
		};
		40AAB4742217ADA900C6E9EE /* FlixTests */ = {
			isa = PBXGroup;
			children = (
				40AAB4752217ADA900C6E9EE /* FlixTests.swift */,
				40AAB4772217ADA900C6E9EE /* Info.plist */,
			);
			path = FlixTests;
			sourceTree = "<group>";
		};
		40AAB47F2217ADA900C6E9EE /* FlixUITests */ = {
			isa = PBXGroup;
			children = (
				40AAB4802217ADA900C6E9EE /* FlixUITests.swift */,
				40AAB4822217ADA900C6E9EE /* Info.plist */,
			);
			path = FlixUITests;
			sourceTree = "<group>";
		};
		56FC0C6553D6E6A71CC7EF48 /* Frameworks */ = {
			isa = PBXGroup;
			children = (
				F8FF9C049CB956A0C8ACC417 /* Pods_Flix.framework */,
				7B8DDA7EDD87F4BF276DEFC6 /* Pods_FlixTests.framework */,
				3B6F6FBB334AE99A49C4EF32 /* Pods_FlixUITests.framework */,
			);
			name = Frameworks;
			sourceTree = "<group>";
		};
		7CE76D26EE4D16E87A98AFA8 /* Pods */ = {
			isa = PBXGroup;
			children = (
				2D10879FA8738AAE9434719B /* Pods-Flix.debug.xcconfig */,
				84618AB9E08BF7D9379CB88B /* Pods-Flix.release.xcconfig */,
				72A29F7250B1F6D4D0EB75F2 /* Pods-FlixTests.debug.xcconfig */,
				817B9D032F54194EF24EA568 /* Pods-FlixTests.release.xcconfig */,
				2BCF314943E5EF5510188238 /* Pods-FlixUITests.debug.xcconfig */,
				D9198C93CFB27245E55D95EF /* Pods-FlixUITests.release.xcconfig */,
			);
			path = Pods;
			sourceTree = "<group>";
		};
/* End PBXGroup section */

/* Begin PBXNativeTarget section */
		40AAB45C2217ADA600C6E9EE /* Flix */ = {
			isa = PBXNativeTarget;
			buildConfigurationList = 40AAB4852217ADA900C6E9EE /* Build configuration list for PBXNativeTarget "Flix" */;
			buildPhases = (
				C542A9D45D4CA365CB5C4105 /* [CP] Check Pods Manifest.lock */,
				40AAB4592217ADA600C6E9EE /* Sources */,
				40AAB45A2217ADA600C6E9EE /* Frameworks */,
				40AAB45B2217ADA600C6E9EE /* Resources */,
				B36A57C6BC01B91E3B588FE2 /* [CP] Embed Pods Frameworks */,
			);
			buildRules = (
			);
			dependencies = (
			);
			name = Flix;
			productName = Flix;
			productReference = 40AAB45D2217ADA600C6E9EE /* Flix.app */;
			productType = "com.apple.product-type.application";
		};
		40AAB4702217ADA900C6E9EE /* FlixTests */ = {
			isa = PBXNativeTarget;
			buildConfigurationList = 40AAB4882217ADA900C6E9EE /* Build configuration list for PBXNativeTarget "FlixTests" */;
			buildPhases = (
				DC022C11B7E29E54E0DAB56C /* [CP] Check Pods Manifest.lock */,
				40AAB46D2217ADA900C6E9EE /* Sources */,
				40AAB46E2217ADA900C6E9EE /* Frameworks */,
				40AAB46F2217ADA900C6E9EE /* Resources */,
			);
			buildRules = (
			);
			dependencies = (
				40AAB4732217ADA900C6E9EE /* PBXTargetDependency */,
			);
			name = FlixTests;
			productName = FlixTests;
			productReference = 40AAB4712217ADA900C6E9EE /* FlixTests.xctest */;
			productType = "com.apple.product-type.bundle.unit-test";
		};
		40AAB47B2217ADA900C6E9EE /* FlixUITests */ = {
			isa = PBXNativeTarget;
			buildConfigurationList = 40AAB48B2217ADA900C6E9EE /* Build configuration list for PBXNativeTarget "FlixUITests" */;
			buildPhases = (
				72A547A567EAE633C074C551 /* [CP] Check Pods Manifest.lock */,
				40AAB4782217ADA900C6E9EE /* Sources */,
				40AAB4792217ADA900C6E9EE /* Frameworks */,
				40AAB47A2217ADA900C6E9EE /* Resources */,
			);
			buildRules = (
			);
			dependencies = (
				40AAB47E2217ADA900C6E9EE /* PBXTargetDependency */,
			);
			name = FlixUITests;
			productName = FlixUITests;
			productReference = 40AAB47C2217ADA900C6E9EE /* FlixUITests.xctest */;
			productType = "com.apple.product-type.bundle.ui-testing";
		};
/* End PBXNativeTarget section */

/* Begin PBXProject section */
		40AAB4552217ADA600C6E9EE /* Project object */ = {
			isa = PBXProject;
			attributes = {
				LastSwiftUpdateCheck = 1010;
				LastUpgradeCheck = 1010;
				ORGANIZATIONNAME = "Shivani Bhakta";
				TargetAttributes = {
					40AAB45C2217ADA600C6E9EE = {
						CreatedOnToolsVersion = 10.1;
					};
					40AAB4702217ADA900C6E9EE = {
						CreatedOnToolsVersion = 10.1;
						TestTargetID = 40AAB45C2217ADA600C6E9EE;
					};
					40AAB47B2217ADA900C6E9EE = {
						CreatedOnToolsVersion = 10.1;
						TestTargetID = 40AAB45C2217ADA600C6E9EE;
					};
				};
			};
			buildConfigurationList = 40AAB4582217ADA600C6E9EE /* Build configuration list for PBXProject "Flix" */;
			compatibilityVersion = "Xcode 9.3";
			developmentRegion = en;
			hasScannedForEncodings = 0;
			knownRegions = (
				en,
				Base,
			);
			mainGroup = 40AAB4542217ADA600C6E9EE;
			productRefGroup = 40AAB45E2217ADA600C6E9EE /* Products */;
			projectDirPath = "";
			projectRoot = "";
			targets = (
				40AAB45C2217ADA600C6E9EE /* Flix */,
				40AAB4702217ADA900C6E9EE /* FlixTests */,
				40AAB47B2217ADA900C6E9EE /* FlixUITests */,
			);
		};
/* End PBXProject section */

/* Begin PBXResourcesBuildPhase section */
		40AAB45B2217ADA600C6E9EE /* Resources */ = {
			isa = PBXResourcesBuildPhase;
			buildActionMask = 2147483647;
			files = (
				40AAB46B2217ADA900C6E9EE /* LaunchScreen.storyboard in Resources */,
				40AAB4682217ADA900C6E9EE /* Assets.xcassets in Resources */,
				40AAB4662217ADA600C6E9EE /* Main.storyboard in Resources */,
			);
			runOnlyForDeploymentPostprocessing = 0;
		};
		40AAB46F2217ADA900C6E9EE /* Resources */ = {
			isa = PBXResourcesBuildPhase;
			buildActionMask = 2147483647;
			files = (
			);
			runOnlyForDeploymentPostprocessing = 0;
		};
		40AAB47A2217ADA900C6E9EE /* Resources */ = {
			isa = PBXResourcesBuildPhase;
			buildActionMask = 2147483647;
			files = (
			);
			runOnlyForDeploymentPostprocessing = 0;
		};
/* End PBXResourcesBuildPhase section */

/* Begin PBXShellScriptBuildPhase section */
		72A547A567EAE633C074C551 /* [CP] Check Pods Manifest.lock */ = {
			isa = PBXShellScriptBuildPhase;
			buildActionMask = 2147483647;
			files = (
			);
			inputFileListPaths = (
			);
			inputPaths = (
				"${PODS_PODFILE_DIR_PATH}/Podfile.lock",
				"${PODS_ROOT}/Manifest.lock",
			);
			name = "[CP] Check Pods Manifest.lock";
			outputFileListPaths = (
			);
			outputPaths = (
				"$(DERIVED_FILE_DIR)/Pods-FlixUITests-checkManifestLockResult.txt",
			);
			runOnlyForDeploymentPostprocessing = 0;
			shellPath = /bin/sh;
			shellScript = "diff \"${PODS_PODFILE_DIR_PATH}/Podfile.lock\" \"${PODS_ROOT}/Manifest.lock\" > /dev/null\nif [ $? != 0 ] ; then\n    # print error to STDERR\n    echo \"error: The sandbox is not in sync with the Podfile.lock. Run 'pod install' or update your CocoaPods installation.\" >&2\n    exit 1\nfi\n# This output is used by Xcode 'outputs' to avoid re-running this script phase.\necho \"SUCCESS\" > \"${SCRIPT_OUTPUT_FILE_0}\"\n";
			showEnvVarsInLog = 0;
		};
		B36A57C6BC01B91E3B588FE2 /* [CP] Embed Pods Frameworks */ = {
			isa = PBXShellScriptBuildPhase;
			buildActionMask = 2147483647;
			files = (
			);
			inputFileListPaths = (
			);
			inputPaths = (
				"${PODS_ROOT}/Target Support Files/Pods-Flix/Pods-Flix-frameworks.sh",
				"${BUILT_PRODUCTS_DIR}/Alamofire/Alamofire.framework",
				"${BUILT_PRODUCTS_DIR}/AlamofireImage/AlamofireImage.framework",
			);
			name = "[CP] Embed Pods Frameworks";
			outputFileListPaths = (
			);
			outputPaths = (
				"${TARGET_BUILD_DIR}/${FRAMEWORKS_FOLDER_PATH}/Alamofire.framework",
				"${TARGET_BUILD_DIR}/${FRAMEWORKS_FOLDER_PATH}/AlamofireImage.framework",
			);
			runOnlyForDeploymentPostprocessing = 0;
			shellPath = /bin/sh;
			shellScript = "\"${PODS_ROOT}/Target Support Files/Pods-Flix/Pods-Flix-frameworks.sh\"\n";
			showEnvVarsInLog = 0;
		};
		C542A9D45D4CA365CB5C4105 /* [CP] Check Pods Manifest.lock */ = {
			isa = PBXShellScriptBuildPhase;
			buildActionMask = 2147483647;
			files = (
			);
			inputFileListPaths = (
			);
			inputPaths = (
				"${PODS_PODFILE_DIR_PATH}/Podfile.lock",
				"${PODS_ROOT}/Manifest.lock",
			);
			name = "[CP] Check Pods Manifest.lock";
			outputFileListPaths = (
			);
			outputPaths = (
				"$(DERIVED_FILE_DIR)/Pods-Flix-checkManifestLockResult.txt",
			);
			runOnlyForDeploymentPostprocessing = 0;
			shellPath = /bin/sh;
			shellScript = "diff \"${PODS_PODFILE_DIR_PATH}/Podfile.lock\" \"${PODS_ROOT}/Manifest.lock\" > /dev/null\nif [ $? != 0 ] ; then\n    # print error to STDERR\n    echo \"error: The sandbox is not in sync with the Podfile.lock. Run 'pod install' or update your CocoaPods installation.\" >&2\n    exit 1\nfi\n# This output is used by Xcode 'outputs' to avoid re-running this script phase.\necho \"SUCCESS\" > \"${SCRIPT_OUTPUT_FILE_0}\"\n";
			showEnvVarsInLog = 0;
		};
		DC022C11B7E29E54E0DAB56C /* [CP] Check Pods Manifest.lock */ = {
			isa = PBXShellScriptBuildPhase;
			buildActionMask = 2147483647;
			files = (
			);
			inputFileListPaths = (
			);
			inputPaths = (
				"${PODS_PODFILE_DIR_PATH}/Podfile.lock",
				"${PODS_ROOT}/Manifest.lock",
			);
			name = "[CP] Check Pods Manifest.lock";
			outputFileListPaths = (
			);
			outputPaths = (
				"$(DERIVED_FILE_DIR)/Pods-FlixTests-checkManifestLockResult.txt",
			);
			runOnlyForDeploymentPostprocessing = 0;
			shellPath = /bin/sh;
			shellScript = "diff \"${PODS_PODFILE_DIR_PATH}/Podfile.lock\" \"${PODS_ROOT}/Manifest.lock\" > /dev/null\nif [ $? != 0 ] ; then\n    # print error to STDERR\n    echo \"error: The sandbox is not in sync with the Podfile.lock. Run 'pod install' or update your CocoaPods installation.\" >&2\n    exit 1\nfi\n# This output is used by Xcode 'outputs' to avoid re-running this script phase.\necho \"SUCCESS\" > \"${SCRIPT_OUTPUT_FILE_0}\"\n";
			showEnvVarsInLog = 0;
		};
/* End PBXShellScriptBuildPhase section */

/* Begin PBXSourcesBuildPhase section */
		40AAB4592217ADA600C6E9EE /* Sources */ = {
			isa = PBXSourcesBuildPhase;
			buildActionMask = 2147483647;
			files = (
				4054F95E221CF88A003254BC /* MovieDetailsViewController.swift in Sources */,
				40AAB4632217ADA600C6E9EE /* ViewController.swift in Sources */,
				40AAB4612217ADA600C6E9EE /* AppDelegate.swift in Sources */,
				40AAB4912217C30C00C6E9EE /* MovieCell.swift in Sources */,
				40AAB48F2217B39500C6E9EE /* MoviesViewController.swift in Sources */,
				4040BC4622239DB500BD26B3 /* MovieGridViewController.swift in Sources */,
				4040BC482223A45700BD26B3 /* MovieGridCell.swift in Sources */,
			);
			runOnlyForDeploymentPostprocessing = 0;
		};
		40AAB46D2217ADA900C6E9EE /* Sources */ = {
			isa = PBXSourcesBuildPhase;
			buildActionMask = 2147483647;
			files = (
				40AAB4762217ADA900C6E9EE /* FlixTests.swift in Sources */,
			);
			runOnlyForDeploymentPostprocessing = 0;
		};
		40AAB4782217ADA900C6E9EE /* Sources */ = {
			isa = PBXSourcesBuildPhase;
			buildActionMask = 2147483647;
			files = (
				40AAB4812217ADA900C6E9EE /* FlixUITests.swift in Sources */,
			);
			runOnlyForDeploymentPostprocessing = 0;
		};
/* End PBXSourcesBuildPhase section */

/* Begin PBXTargetDependency section */
		40AAB4732217ADA900C6E9EE /* PBXTargetDependency */ = {
			isa = PBXTargetDependency;
			target = 40AAB45C2217ADA600C6E9EE /* Flix */;
			targetProxy = 40AAB4722217ADA900C6E9EE /* PBXContainerItemProxy */;
		};
		40AAB47E2217ADA900C6E9EE /* PBXTargetDependency */ = {
			isa = PBXTargetDependency;
			target = 40AAB45C2217ADA600C6E9EE /* Flix */;
			targetProxy = 40AAB47D2217ADA900C6E9EE /* PBXContainerItemProxy */;
		};
/* End PBXTargetDependency section */

/* Begin PBXVariantGroup section */
		40AAB4642217ADA600C6E9EE /* Main.storyboard */ = {
			isa = PBXVariantGroup;
			children = (
				40AAB4652217ADA600C6E9EE /* Base */,
			);
			name = Main.storyboard;
			sourceTree = "<group>";
		};
		40AAB4692217ADA900C6E9EE /* LaunchScreen.storyboard */ = {
			isa = PBXVariantGroup;
			children = (
				40AAB46A2217ADA900C6E9EE /* Base */,
			);
			name = LaunchScreen.storyboard;
			sourceTree = "<group>";
		};
/* End PBXVariantGroup section */

/* Begin XCBuildConfiguration section */
		40AAB4832217ADA900C6E9EE /* Debug */ = {
			isa = XCBuildConfiguration;
			buildSettings = {
				ALWAYS_SEARCH_USER_PATHS = NO;
				CLANG_ANALYZER_NONNULL = YES;
				CLANG_ANALYZER_NUMBER_OBJECT_CONVERSION = YES_AGGRESSIVE;
				CLANG_CXX_LANGUAGE_STANDARD = "gnu++14";
				CLANG_CXX_LIBRARY = "libc++";
				CLANG_ENABLE_MODULES = YES;
				CLANG_ENABLE_OBJC_ARC = YES;
				CLANG_ENABLE_OBJC_WEAK = YES;
				CLANG_WARN_BLOCK_CAPTURE_AUTORELEASING = YES;
				CLANG_WARN_BOOL_CONVERSION = YES;
				CLANG_WARN_COMMA = YES;
				CLANG_WARN_CONSTANT_CONVERSION = YES;
				CLANG_WARN_DEPRECATED_OBJC_IMPLEMENTATIONS = YES;
				CLANG_WARN_DIRECT_OBJC_ISA_USAGE = YES_ERROR;
				CLANG_WARN_DOCUMENTATION_COMMENTS = YES;
				CLANG_WARN_EMPTY_BODY = YES;
				CLANG_WARN_ENUM_CONVERSION = YES;
				CLANG_WARN_INFINITE_RECURSION = YES;
				CLANG_WARN_INT_CONVERSION = YES;
				CLANG_WARN_NON_LITERAL_NULL_CONVERSION = YES;
				CLANG_WARN_OBJC_IMPLICIT_RETAIN_SELF = YES;
				CLANG_WARN_OBJC_LITERAL_CONVERSION = YES;
				CLANG_WARN_OBJC_ROOT_CLASS = YES_ERROR;
				CLANG_WARN_RANGE_LOOP_ANALYSIS = YES;
				CLANG_WARN_STRICT_PROTOTYPES = YES;
				CLANG_WARN_SUSPICIOUS_MOVE = YES;
				CLANG_WARN_UNGUARDED_AVAILABILITY = YES_AGGRESSIVE;
				CLANG_WARN_UNREACHABLE_CODE = YES;
				CLANG_WARN__DUPLICATE_METHOD_MATCH = YES;
				CODE_SIGN_IDENTITY = "iPhone Developer";
				COPY_PHASE_STRIP = NO;
				DEBUG_INFORMATION_FORMAT = dwarf;
				ENABLE_STRICT_OBJC_MSGSEND = YES;
				ENABLE_TESTABILITY = YES;
				GCC_C_LANGUAGE_STANDARD = gnu11;
				GCC_DYNAMIC_NO_PIC = NO;
				GCC_NO_COMMON_BLOCKS = YES;
				GCC_OPTIMIZATION_LEVEL = 0;
				GCC_PREPROCESSOR_DEFINITIONS = (
					"DEBUG=1",
					"$(inherited)",
				);
				GCC_WARN_64_TO_32_BIT_CONVERSION = YES;
				GCC_WARN_ABOUT_RETURN_TYPE = YES_ERROR;
				GCC_WARN_UNDECLARED_SELECTOR = YES;
				GCC_WARN_UNINITIALIZED_AUTOS = YES_AGGRESSIVE;
				GCC_WARN_UNUSED_FUNCTION = YES;
				GCC_WARN_UNUSED_VARIABLE = YES;
				IPHONEOS_DEPLOYMENT_TARGET = 12.1;
				MTL_ENABLE_DEBUG_INFO = INCLUDE_SOURCE;
				MTL_FAST_MATH = YES;
				ONLY_ACTIVE_ARCH = YES;
				SDKROOT = iphoneos;
				SWIFT_ACTIVE_COMPILATION_CONDITIONS = DEBUG;
				SWIFT_OPTIMIZATION_LEVEL = "-Onone";
			};
			name = Debug;
		};
		40AAB4842217ADA900C6E9EE /* Release */ = {
			isa = XCBuildConfiguration;
			buildSettings = {
				ALWAYS_SEARCH_USER_PATHS = NO;
				CLANG_ANALYZER_NONNULL = YES;
				CLANG_ANALYZER_NUMBER_OBJECT_CONVERSION = YES_AGGRESSIVE;
				CLANG_CXX_LANGUAGE_STANDARD = "gnu++14";
				CLANG_CXX_LIBRARY = "libc++";
				CLANG_ENABLE_MODULES = YES;
				CLANG_ENABLE_OBJC_ARC = YES;
				CLANG_ENABLE_OBJC_WEAK = YES;
				CLANG_WARN_BLOCK_CAPTURE_AUTORELEASING = YES;
				CLANG_WARN_BOOL_CONVERSION = YES;
				CLANG_WARN_COMMA = YES;
				CLANG_WARN_CONSTANT_CONVERSION = YES;
				CLANG_WARN_DEPRECATED_OBJC_IMPLEMENTATIONS = YES;
				CLANG_WARN_DIRECT_OBJC_ISA_USAGE = YES_ERROR;
				CLANG_WARN_DOCUMENTATION_COMMENTS = YES;
				CLANG_WARN_EMPTY_BODY = YES;
				CLANG_WARN_ENUM_CONVERSION = YES;
				CLANG_WARN_INFINITE_RECURSION = YES;
				CLANG_WARN_INT_CONVERSION = YES;
				CLANG_WARN_NON_LITERAL_NULL_CONVERSION = YES;
				CLANG_WARN_OBJC_IMPLICIT_RETAIN_SELF = YES;
				CLANG_WARN_OBJC_LITERAL_CONVERSION = YES;
				CLANG_WARN_OBJC_ROOT_CLASS = YES_ERROR;
				CLANG_WARN_RANGE_LOOP_ANALYSIS = YES;
				CLANG_WARN_STRICT_PROTOTYPES = YES;
				CLANG_WARN_SUSPICIOUS_MOVE = YES;
				CLANG_WARN_UNGUARDED_AVAILABILITY = YES_AGGRESSIVE;
				CLANG_WARN_UNREACHABLE_CODE = YES;
				CLANG_WARN__DUPLICATE_METHOD_MATCH = YES;
				CODE_SIGN_IDENTITY = "iPhone Developer";
				COPY_PHASE_STRIP = NO;
				DEBUG_INFORMATION_FORMAT = "dwarf-with-dsym";
				ENABLE_NS_ASSERTIONS = NO;
				ENABLE_STRICT_OBJC_MSGSEND = YES;
				GCC_C_LANGUAGE_STANDARD = gnu11;
				GCC_NO_COMMON_BLOCKS = YES;
				GCC_WARN_64_TO_32_BIT_CONVERSION = YES;
				GCC_WARN_ABOUT_RETURN_TYPE = YES_ERROR;
				GCC_WARN_UNDECLARED_SELECTOR = YES;
				GCC_WARN_UNINITIALIZED_AUTOS = YES_AGGRESSIVE;
				GCC_WARN_UNUSED_FUNCTION = YES;
				GCC_WARN_UNUSED_VARIABLE = YES;
				IPHONEOS_DEPLOYMENT_TARGET = 12.1;
				MTL_ENABLE_DEBUG_INFO = NO;
				MTL_FAST_MATH = YES;
				SDKROOT = iphoneos;
				SWIFT_COMPILATION_MODE = wholemodule;
				SWIFT_OPTIMIZATION_LEVEL = "-O";
				VALIDATE_PRODUCT = YES;
			};
			name = Release;
		};
		40AAB4862217ADA900C6E9EE /* Debug */ = {
			isa = XCBuildConfiguration;
			baseConfigurationReference = 2D10879FA8738AAE9434719B /* Pods-Flix.debug.xcconfig */;
			buildSettings = {
				ASSETCATALOG_COMPILER_APPICON_NAME = AppIcon;
				CODE_SIGN_STYLE = Automatic;
				INFOPLIST_FILE = Flix/Info.plist;
				LD_RUNPATH_SEARCH_PATHS = (
					"$(inherited)",
					"@executable_path/Frameworks",
				);
				PRODUCT_BUNDLE_IDENTIFIER = Bhakta.Flix;
				PRODUCT_NAME = "$(TARGET_NAME)";
				SWIFT_VERSION = 4.2;
				TARGETED_DEVICE_FAMILY = "1,2";
			};
			name = Debug;
		};
		40AAB4872217ADA900C6E9EE /* Release */ = {
			isa = XCBuildConfiguration;
			baseConfigurationReference = 84618AB9E08BF7D9379CB88B /* Pods-Flix.release.xcconfig */;
			buildSettings = {
				ASSETCATALOG_COMPILER_APPICON_NAME = AppIcon;
				CODE_SIGN_STYLE = Automatic;
				INFOPLIST_FILE = Flix/Info.plist;
				LD_RUNPATH_SEARCH_PATHS = (
					"$(inherited)",
					"@executable_path/Frameworks",
				);
				PRODUCT_BUNDLE_IDENTIFIER = Bhakta.Flix;
				PRODUCT_NAME = "$(TARGET_NAME)";
				SWIFT_VERSION = 4.2;
				TARGETED_DEVICE_FAMILY = "1,2";
			};
			name = Release;
		};
		40AAB4892217ADA900C6E9EE /* Debug */ = {
			isa = XCBuildConfiguration;
			baseConfigurationReference = 72A29F7250B1F6D4D0EB75F2 /* Pods-FlixTests.debug.xcconfig */;
			buildSettings = {
				ALWAYS_EMBED_SWIFT_STANDARD_LIBRARIES = YES;
				BUNDLE_LOADER = "$(TEST_HOST)";
				CODE_SIGN_STYLE = Automatic;
				INFOPLIST_FILE = FlixTests/Info.plist;
				LD_RUNPATH_SEARCH_PATHS = (
					"$(inherited)",
					"@executable_path/Frameworks",
					"@loader_path/Frameworks",
				);
				PRODUCT_BUNDLE_IDENTIFIER = Bhakta.FlixTests;
				PRODUCT_NAME = "$(TARGET_NAME)";
				SWIFT_VERSION = 4.2;
				TARGETED_DEVICE_FAMILY = "1,2";
				TEST_HOST = "$(BUILT_PRODUCTS_DIR)/Flix.app/Flix";
			};
			name = Debug;
		};
		40AAB48A2217ADA900C6E9EE /* Release */ = {
			isa = XCBuildConfiguration;
			baseConfigurationReference = 817B9D032F54194EF24EA568 /* Pods-FlixTests.release.xcconfig */;
			buildSettings = {
				ALWAYS_EMBED_SWIFT_STANDARD_LIBRARIES = YES;
				BUNDLE_LOADER = "$(TEST_HOST)";
				CODE_SIGN_STYLE = Automatic;
				INFOPLIST_FILE = FlixTests/Info.plist;
				LD_RUNPATH_SEARCH_PATHS = (
					"$(inherited)",
					"@executable_path/Frameworks",
					"@loader_path/Frameworks",
				);
				PRODUCT_BUNDLE_IDENTIFIER = Bhakta.FlixTests;
				PRODUCT_NAME = "$(TARGET_NAME)";
				SWIFT_VERSION = 4.2;
				TARGETED_DEVICE_FAMILY = "1,2";
				TEST_HOST = "$(BUILT_PRODUCTS_DIR)/Flix.app/Flix";
			};
			name = Release;
		};
		40AAB48C2217ADA900C6E9EE /* Debug */ = {
			isa = XCBuildConfiguration;
			baseConfigurationReference = 2BCF314943E5EF5510188238 /* Pods-FlixUITests.debug.xcconfig */;
			buildSettings = {
				ALWAYS_EMBED_SWIFT_STANDARD_LIBRARIES = YES;
				CODE_SIGN_STYLE = Automatic;
				INFOPLIST_FILE = FlixUITests/Info.plist;
				LD_RUNPATH_SEARCH_PATHS = (
					"$(inherited)",
					"@executable_path/Frameworks",
					"@loader_path/Frameworks",
				);
				PRODUCT_BUNDLE_IDENTIFIER = Bhakta.FlixUITests;
				PRODUCT_NAME = "$(TARGET_NAME)";
				SWIFT_VERSION = 4.2;
				TARGETED_DEVICE_FAMILY = "1,2";
				TEST_TARGET_NAME = Flix;
			};
			name = Debug;
		};
		40AAB48D2217ADA900C6E9EE /* Release */ = {
			isa = XCBuildConfiguration;
			baseConfigurationReference = D9198C93CFB27245E55D95EF /* Pods-FlixUITests.release.xcconfig */;
			buildSettings = {
				ALWAYS_EMBED_SWIFT_STANDARD_LIBRARIES = YES;
				CODE_SIGN_STYLE = Automatic;
				INFOPLIST_FILE = FlixUITests/Info.plist;
				LD_RUNPATH_SEARCH_PATHS = (
					"$(inherited)",
					"@executable_path/Frameworks",
					"@loader_path/Frameworks",
				);
				PRODUCT_BUNDLE_IDENTIFIER = Bhakta.FlixUITests;
				PRODUCT_NAME = "$(TARGET_NAME)";
				SWIFT_VERSION = 4.2;
				TARGETED_DEVICE_FAMILY = "1,2";
				TEST_TARGET_NAME = Flix;
			};
			name = Release;
		};
/* End XCBuildConfiguration section */

/* Begin XCConfigurationList section */
		40AAB4582217ADA600C6E9EE /* Build configuration list for PBXProject "Flix" */ = {
			isa = XCConfigurationList;
			buildConfigurations = (
				40AAB4832217ADA900C6E9EE /* Debug */,
				40AAB4842217ADA900C6E9EE /* Release */,
			);
			defaultConfigurationIsVisible = 0;
			defaultConfigurationName = Release;
		};
		40AAB4852217ADA900C6E9EE /* Build configuration list for PBXNativeTarget "Flix" */ = {
			isa = XCConfigurationList;
			buildConfigurations = (
				40AAB4862217ADA900C6E9EE /* Debug */,
				40AAB4872217ADA900C6E9EE /* Release */,
			);
			defaultConfigurationIsVisible = 0;
			defaultConfigurationName = Release;
		};
		40AAB4882217ADA900C6E9EE /* Build configuration list for PBXNativeTarget "FlixTests" */ = {
			isa = XCConfigurationList;
			buildConfigurations = (
				40AAB4892217ADA900C6E9EE /* Debug */,
				40AAB48A2217ADA900C6E9EE /* Release */,
			);
			defaultConfigurationIsVisible = 0;
			defaultConfigurationName = Release;
		};
		40AAB48B2217ADA900C6E9EE /* Build configuration list for PBXNativeTarget "FlixUITests" */ = {
			isa = XCConfigurationList;
			buildConfigurations = (
				40AAB48C2217ADA900C6E9EE /* Debug */,
				40AAB48D2217ADA900C6E9EE /* Release */,
			);
			defaultConfigurationIsVisible = 0;
			defaultConfigurationName = Release;
		};
/* End XCConfigurationList section */
	};
	rootObject = 40AAB4552217ADA600C6E9EE /* Project object */;
}
